// !$*UTF8*$!
{
	archiveVersion = 1;
	classes = {
	};
	objectVersion = 55;
	objects = {

/* Begin PBXBuildFile section */
		EC4AD3D128E3807F001EDF94 /* For_EachApp.swift in Sources */ = {isa = PBXBuildFile; fileRef = EC4AD3D028E3807F001EDF94 /* For_EachApp.swift */; };
		EC4AD3D328E3807F001EDF94 /* ContentView.swift in Sources */ = {isa = PBXBuildFile; fileRef = EC4AD3D228E3807F001EDF94 /* ContentView.swift */; };
		EC4AD3D528E38080001EDF94 /* Assets.xcassets in Resources */ = {isa = PBXBuildFile; fileRef = EC4AD3D428E38080001EDF94 /* Assets.xcassets */; };
		EC4AD3D828E38080001EDF94 /* Preview Assets.xcassets in Resources */ = {isa = PBXBuildFile; fileRef = EC4AD3D728E38080001EDF94 /* Preview Assets.xcassets */; };
		EC4AD3E228E38080001EDF94 /* For_EachTests.swift in Sources */ = {isa = PBXBuildFile; fileRef = EC4AD3E128E38080001EDF94 /* For_EachTests.swift */; };
		EC4AD3EC28E38080001EDF94 /* For_EachUITests.swift in Sources */ = {isa = PBXBuildFile; fileRef = EC4AD3EB28E38080001EDF94 /* For_EachUITests.swift */; };
		EC4AD3EE28E38080001EDF94 /* For_EachUITestsLaunchTests.swift in Sources */ = {isa = PBXBuildFile; fileRef = EC4AD3ED28E38080001EDF94 /* For_EachUITestsLaunchTests.swift */; };
/* End PBXBuildFile section */

/* Begin PBXContainerItemProxy section */
		EC4AD3DE28E38080001EDF94 /* PBXContainerItemProxy */ = {
			isa = PBXContainerItemProxy;
			containerPortal = EC4AD3C528E3807F001EDF94 /* Project object */;
			proxyType = 1;
			remoteGlobalIDString = EC4AD3CC28E3807F001EDF94;
			remoteInfo = "For-Each";
		};
		EC4AD3E828E38080001EDF94 /* PBXContainerItemProxy */ = {
			isa = PBXContainerItemProxy;
			containerPortal = EC4AD3C528E3807F001EDF94 /* Project object */;
			proxyType = 1;
			remoteGlobalIDString = EC4AD3CC28E3807F001EDF94;
			remoteInfo = "For-Each";
		};
/* End PBXContainerItemProxy section */

/* Begin PBXFileReference section */
		EC4AD3CD28E3807F001EDF94 /* For-Each.app */ = {isa = PBXFileReference; explicitFileType = wrapper.application; includeInIndex = 0; path = "For-Each.app"; sourceTree = BUILT_PRODUCTS_DIR; };
		EC4AD3D028E3807F001EDF94 /* For_EachApp.swift */ = {isa = PBXFileReference; lastKnownFileType = sourcecode.swift; path = For_EachApp.swift; sourceTree = "<group>"; };
		EC4AD3D228E3807F001EDF94 /* ContentView.swift */ = {isa = PBXFileReference; lastKnownFileType = sourcecode.swift; path = ContentView.swift; sourceTree = "<group>"; };
		EC4AD3D428E38080001EDF94 /* Assets.xcassets */ = {isa = PBXFileReference; lastKnownFileType = folder.assetcatalog; path = Assets.xcassets; sourceTree = "<group>"; };
		EC4AD3D728E38080001EDF94 /* Preview Assets.xcassets */ = {isa = PBXFileReference; lastKnownFileType = folder.assetcatalog; path = "Preview Assets.xcassets"; sourceTree = "<group>"; };
		EC4AD3DD28E38080001EDF94 /* For-EachTests.xctest */ = {isa = PBXFileReference; explicitFileType = wrapper.cfbundle; includeInIndex = 0; path = "For-EachTests.xctest"; sourceTree = BUILT_PRODUCTS_DIR; };
		EC4AD3E128E38080001EDF94 /* For_EachTests.swift */ = {isa = PBXFileReference; lastKnownFileType = sourcecode.swift; path = For_EachTests.swift; sourceTree = "<group>"; };
		EC4AD3E728E38080001EDF94 /* For-EachUITests.xctest */ = {isa = PBXFileReference; explicitFileType = wrapper.cfbundle; includeInIndex = 0; path = "For-EachUITests.xctest"; sourceTree = BUILT_PRODUCTS_DIR; };
		EC4AD3EB28E38080001EDF94 /* For_EachUITests.swift */ = {isa = PBXFileReference; lastKnownFileType = sourcecode.swift; path = For_EachUITests.swift; sourceTree = "<group>"; };
		EC4AD3ED28E38080001EDF94 /* For_EachUITestsLaunchTests.swift */ = {isa = PBXFileReference; lastKnownFileType = sourcecode.swift; path = For_EachUITestsLaunchTests.swift; sourceTree = "<group>"; };
/* End PBXFileReference section */

/* Begin PBXFrameworksBuildPhase section */
		EC4AD3CA28E3807F001EDF94 /* Frameworks */ = {
			isa = PBXFrameworksBuildPhase;
			buildActionMask = 2147483647;
			files = (
			);
			runOnlyForDeploymentPostprocessing = 0;
		};
		EC4AD3DA28E38080001EDF94 /* Frameworks */ = {
			isa = PBXFrameworksBuildPhase;
			buildActionMask = 2147483647;
			files = (
			);
			runOnlyForDeploymentPostprocessing = 0;
		};
		EC4AD3E428E38080001EDF94 /* Frameworks */ = {
			isa = PBXFrameworksBuildPhase;
			buildActionMask = 2147483647;
			files = (
			);
			runOnlyForDeploymentPostprocessing = 0;
		};
/* End PBXFrameworksBuildPhase section */

/* Begin PBXGroup section */
		EC4AD3C428E3807F001EDF94 = {
			isa = PBXGroup;
			children = (
				EC4AD3CF28E3807F001EDF94 /* For-Each */,
				EC4AD3E028E38080001EDF94 /* For-EachTests */,
				EC4AD3EA28E38080001EDF94 /* For-EachUITests */,
				EC4AD3CE28E3807F001EDF94 /* Products */,
			);
			sourceTree = "<group>";
		};
		EC4AD3CE28E3807F001EDF94 /* Products */ = {
			isa = PBXGroup;
			children = (
				EC4AD3CD28E3807F001EDF94 /* For-Each.app */,
				EC4AD3DD28E38080001EDF94 /* For-EachTests.xctest */,
				EC4AD3E728E38080001EDF94 /* For-EachUITests.xctest */,
			);
			name = Products;
			sourceTree = "<group>";
		};
		EC4AD3CF28E3807F001EDF94 /* For-Each */ = {
			isa = PBXGroup;
			children = (
				EC4AD3D028E3807F001EDF94 /* For_EachApp.swift */,
				EC4AD3D228E3807F001EDF94 /* ContentView.swift */,
				EC4AD3D428E38080001EDF94 /* Assets.xcassets */,
				EC4AD3D628E38080001EDF94 /* Preview Content */,
			);
			path = "For-Each";
			sourceTree = "<group>";
		};
		EC4AD3D628E38080001EDF94 /* Preview Content */ = {
			isa = PBXGroup;
			children = (
				EC4AD3D728E38080001EDF94 /* Preview Assets.xcassets */,
			);
			path = "Preview Content";
			sourceTree = "<group>";
		};
		EC4AD3E028E38080001EDF94 /* For-EachTests */ = {
			isa = PBXGroup;
			children = (
				EC4AD3E128E38080001EDF94 /* For_EachTests.swift */,
			);
			path = "For-EachTests";
			sourceTree = "<group>";
		};
		EC4AD3EA28E38080001EDF94 /* For-EachUITests */ = {
			isa = PBXGroup;
			children = (
				EC4AD3EB28E38080001EDF94 /* For_EachUITests.swift */,
				EC4AD3ED28E38080001EDF94 /* For_EachUITestsLaunchTests.swift */,
			);
			path = "For-EachUITests";
			sourceTree = "<group>";
		};
/* End PBXGroup section */

/* Begin PBXNativeTarget section */
		EC4AD3CC28E3807F001EDF94 /* For-Each */ = {
			isa = PBXNativeTarget;
			buildConfigurationList = EC4AD3F128E38080001EDF94 /* Build configuration list for PBXNativeTarget "For-Each" */;
			buildPhases = (
				EC4AD3C928E3807F001EDF94 /* Sources */,
				EC4AD3CA28E3807F001EDF94 /* Frameworks */,
				EC4AD3CB28E3807F001EDF94 /* Resources */,
			);
			buildRules = (
			);
			dependencies = (
			);
			name = "For-Each";
			productName = "For-Each";
			productReference = EC4AD3CD28E3807F001EDF94 /* For-Each.app */;
			productType = "com.apple.product-type.application";
		};
		EC4AD3DC28E38080001EDF94 /* For-EachTests */ = {
			isa = PBXNativeTarget;
			buildConfigurationList = EC4AD3F428E38080001EDF94 /* Build configuration list for PBXNativeTarget "For-EachTests" */;
			buildPhases = (
				EC4AD3D928E38080001EDF94 /* Sources */,
				EC4AD3DA28E38080001EDF94 /* Frameworks */,
				EC4AD3DB28E38080001EDF94 /* Resources */,
			);
			buildRules = (
			);
			dependencies = (
				EC4AD3DF28E38080001EDF94 /* PBXTargetDependency */,
			);
			name = "For-EachTests";
			productName = "For-EachTests";
			productReference = EC4AD3DD28E38080001EDF94 /* For-EachTests.xctest */;
			productType = "com.apple.product-type.bundle.unit-test";
		};
		EC4AD3E628E38080001EDF94 /* For-EachUITests */ = {
			isa = PBXNativeTarget;
			buildConfigurationList = EC4AD3F728E38080001EDF94 /* Build configuration list for PBXNativeTarget "For-EachUITests" */;
			buildPhases = (
				EC4AD3E328E38080001EDF94 /* Sources */,
				EC4AD3E428E38080001EDF94 /* Frameworks */,
				EC4AD3E528E38080001EDF94 /* Resources */,
			);
			buildRules = (
			);
			dependencies = (
				EC4AD3E928E38080001EDF94 /* PBXTargetDependency */,
			);
			name = "For-EachUITests";
			productName = "For-EachUITests";
			productReference = EC4AD3E728E38080001EDF94 /* For-EachUITests.xctest */;
			productType = "com.apple.product-type.bundle.ui-testing";
		};
/* End PBXNativeTarget section */

/* Begin PBXProject section */
		EC4AD3C528E3807F001EDF94 /* Project object */ = {
			isa = PBXProject;
			attributes = {
				BuildIndependentTargetsInParallel = 1;
				LastSwiftUpdateCheck = 1340;
				LastUpgradeCheck = 1340;
				TargetAttributes = {
					EC4AD3CC28E3807F001EDF94 = {
						CreatedOnToolsVersion = 13.4.1;
					};
					EC4AD3DC28E38080001EDF94 = {
						CreatedOnToolsVersion = 13.4.1;
						TestTargetID = EC4AD3CC28E3807F001EDF94;
					};
					EC4AD3E628E38080001EDF94 = {
						CreatedOnToolsVersion = 13.4.1;
						TestTargetID = EC4AD3CC28E3807F001EDF94;
					};
				};
			};
			buildConfigurationList = EC4AD3C828E3807F001EDF94 /* Build configuration list for PBXProject "For-Each" */;
			compatibilityVersion = "Xcode 13.0";
			developmentRegion = en;
			hasScannedForEncodings = 0;
			knownRegions = (
				en,
				Base,
			);
			mainGroup = EC4AD3C428E3807F001EDF94;
			productRefGroup = EC4AD3CE28E3807F001EDF94 /* Products */;
			projectDirPath = "";
			projectRoot = "";
			targets = (
				EC4AD3CC28E3807F001EDF94 /* For-Each */,
				EC4AD3DC28E38080001EDF94 /* For-EachTests */,
				EC4AD3E628E38080001EDF94 /* For-EachUITests */,
			);
		};
/* End PBXProject section */

/* Begin PBXResourcesBuildPhase section */
		EC4AD3CB28E3807F001EDF94 /* Resources */ = {
			isa = PBXResourcesBuildPhase;
			buildActionMask = 2147483647;
			files = (
				EC4AD3D828E38080001EDF94 /* Preview Assets.xcassets in Resources */,
				EC4AD3D528E38080001EDF94 /* Assets.xcassets in Resources */,
			);
			runOnlyForDeploymentPostprocessing = 0;
		};
		EC4AD3DB28E38080001EDF94 /* Resources */ = {
			isa = PBXResourcesBuildPhase;
			buildActionMask = 2147483647;
			files = (
			);
			runOnlyForDeploymentPostprocessing = 0;
		};
		EC4AD3E528E38080001EDF94 /* Resources */ = {
			isa = PBXResourcesBuildPhase;
			buildActionMask = 2147483647;
			files = (
			);
			runOnlyForDeploymentPostprocessing = 0;
		};
/* End PBXResourcesBuildPhase section */

/* Begin PBXSourcesBuildPhase section */
		EC4AD3C928E3807F001EDF94 /* Sources */ = {
			isa = PBXSourcesBuildPhase;
			buildActionMask = 2147483647;
			files = (
				EC4AD3D328E3807F001EDF94 /* ContentView.swift in Sources */,
				EC4AD3D128E3807F001EDF94 /* For_EachApp.swift in Sources */,
			);
			runOnlyForDeploymentPostprocessing = 0;
		};
		EC4AD3D928E38080001EDF94 /* Sources */ = {
			isa = PBXSourcesBuildPhase;
			buildActionMask = 2147483647;
			files = (
				EC4AD3E228E38080001EDF94 /* For_EachTests.swift in Sources */,
			);
			runOnlyForDeploymentPostprocessing = 0;
		};
		EC4AD3E328E38080001EDF94 /* Sources */ = {
			isa = PBXSourcesBuildPhase;
			buildActionMask = 2147483647;
			files = (
				EC4AD3EE28E38080001EDF94 /* For_EachUITestsLaunchTests.swift in Sources */,
				EC4AD3EC28E38080001EDF94 /* For_EachUITests.swift in Sources */,
			);
			runOnlyForDeploymentPostprocessing = 0;
		};
/* End PBXSourcesBuildPhase section */

/* Begin PBXTargetDependency section */
		EC4AD3DF28E38080001EDF94 /* PBXTargetDependency */ = {
			isa = PBXTargetDependency;
			target = EC4AD3CC28E3807F001EDF94 /* For-Each */;
			targetProxy = EC4AD3DE28E38080001EDF94 /* PBXContainerItemProxy */;
		};
		EC4AD3E928E38080001EDF94 /* PBXTargetDependency */ = {
			isa = PBXTargetDependency;
			target = EC4AD3CC28E3807F001EDF94 /* For-Each */;
			targetProxy = EC4AD3E828E38080001EDF94 /* PBXContainerItemProxy */;
		};
/* End PBXTargetDependency section */

/* Begin XCBuildConfiguration section */
		EC4AD3EF28E38080001EDF94 /* Debug */ = {
			isa = XCBuildConfiguration;
			buildSettings = {
				ALWAYS_SEARCH_USER_PATHS = NO;
				CLANG_ANALYZER_NONNULL = YES;
				CLANG_ANALYZER_NUMBER_OBJECT_CONVERSION = YES_AGGRESSIVE;
				CLANG_CXX_LANGUAGE_STANDARD = "gnu++17";
				CLANG_ENABLE_MODULES = YES;
				CLANG_ENABLE_OBJC_ARC = YES;
				CLANG_ENABLE_OBJC_WEAK = YES;
				CLANG_WARN_BLOCK_CAPTURE_AUTORELEASING = YES;
				CLANG_WARN_BOOL_CONVERSION = YES;
				CLANG_WARN_COMMA = YES;
				CLANG_WARN_CONSTANT_CONVERSION = YES;
				CLANG_WARN_DEPRECATED_OBJC_IMPLEMENTATIONS = YES;
				CLANG_WARN_DIRECT_OBJC_ISA_USAGE = YES_ERROR;
				CLANG_WARN_DOCUMENTATION_COMMENTS = YES;
				CLANG_WARN_EMPTY_BODY = YES;
				CLANG_WARN_ENUM_CONVERSION = YES;
				CLANG_WARN_INFINITE_RECURSION = YES;
				CLANG_WARN_INT_CONVERSION = YES;
				CLANG_WARN_NON_LITERAL_NULL_CONVERSION = YES;
				CLANG_WARN_OBJC_IMPLICIT_RETAIN_SELF = YES;
				CLANG_WARN_OBJC_LITERAL_CONVERSION = YES;
				CLANG_WARN_OBJC_ROOT_CLASS = YES_ERROR;
				CLANG_WARN_QUOTED_INCLUDE_IN_FRAMEWORK_HEADER = YES;
				CLANG_WARN_RANGE_LOOP_ANALYSIS = YES;
				CLANG_WARN_STRICT_PROTOTYPES = YES;
				CLANG_WARN_SUSPICIOUS_MOVE = YES;
				CLANG_WARN_UNGUARDED_AVAILABILITY = YES_AGGRESSIVE;
				CLANG_WARN_UNREACHABLE_CODE = YES;
				CLANG_WARN__DUPLICATE_METHOD_MATCH = YES;
				COPY_PHASE_STRIP = NO;
				DEBUG_INFORMATION_FORMAT = dwarf;
				ENABLE_STRICT_OBJC_MSGSEND = YES;
				ENABLE_TESTABILITY = YES;
				GCC_C_LANGUAGE_STANDARD = gnu11;
				GCC_DYNAMIC_NO_PIC = NO;
				GCC_NO_COMMON_BLOCKS = YES;
				GCC_OPTIMIZATION_LEVEL = 0;
				GCC_PREPROCESSOR_DEFINITIONS = (
					"DEBUG=1",
					"$(inherited)",
				);
				GCC_WARN_64_TO_32_BIT_CONVERSION = YES;
				GCC_WARN_ABOUT_RETURN_TYPE = YES_ERROR;
				GCC_WARN_UNDECLARED_SELECTOR = YES;
				GCC_WARN_UNINITIALIZED_AUTOS = YES_AGGRESSIVE;
				GCC_WARN_UNUSED_FUNCTION = YES;
				GCC_WARN_UNUSED_VARIABLE = YES;
				IPHONEOS_DEPLOYMENT_TARGET = 15.5;
				MTL_ENABLE_DEBUG_INFO = INCLUDE_SOURCE;
				MTL_FAST_MATH = YES;
				ONLY_ACTIVE_ARCH = YES;
				SDKROOT = iphoneos;
				SWIFT_ACTIVE_COMPILATION_CONDITIONS = DEBUG;
				SWIFT_OPTIMIZATION_LEVEL = "-Onone";
			};
			name = Debug;
		};
		EC4AD3F028E38080001EDF94 /* Release */ = {
			isa = XCBuildConfiguration;
			buildSettings = {
				ALWAYS_SEARCH_USER_PATHS = NO;
				CLANG_ANALYZER_NONNULL = YES;
				CLANG_ANALYZER_NUMBER_OBJECT_CONVERSION = YES_AGGRESSIVE;
				CLANG_CXX_LANGUAGE_STANDARD = "gnu++17";
				CLANG_ENABLE_MODULES = YES;
				CLANG_ENABLE_OBJC_ARC = YES;
				CLANG_ENABLE_OBJC_WEAK = YES;
				CLANG_WARN_BLOCK_CAPTURE_AUTORELEASING = YES;
				CLANG_WARN_BOOL_CONVERSION = YES;
				CLANG_WARN_COMMA = YES;
				CLANG_WARN_CONSTANT_CONVERSION = YES;
				CLANG_WARN_DEPRECATED_OBJC_IMPLEMENTATIONS = YES;
				CLANG_WARN_DIRECT_OBJC_ISA_USAGE = YES_ERROR;
				CLANG_WARN_DOCUMENTATION_COMMENTS = YES;
				CLANG_WARN_EMPTY_BODY = YES;
				CLANG_WARN_ENUM_CONVERSION = YES;
				CLANG_WARN_INFINITE_RECURSION = YES;
				CLANG_WARN_INT_CONVERSION = YES;
				CLANG_WARN_NON_LITERAL_NULL_CONVERSION = YES;
				CLANG_WARN_OBJC_IMPLICIT_RETAIN_SELF = YES;
				CLANG_WARN_OBJC_LITERAL_CONVERSION = YES;
				CLANG_WARN_OBJC_ROOT_CLASS = YES_ERROR;
				CLANG_WARN_QUOTED_INCLUDE_IN_FRAMEWORK_HEADER = YES;
				CLANG_WARN_RANGE_LOOP_ANALYSIS = YES;
				CLANG_WARN_STRICT_PROTOTYPES = YES;
				CLANG_WARN_SUSPICIOUS_MOVE = YES;
				CLANG_WARN_UNGUARDED_AVAILABILITY = YES_AGGRESSIVE;
				CLANG_WARN_UNREACHABLE_CODE = YES;
				CLANG_WARN__DUPLICATE_METHOD_MATCH = YES;
				COPY_PHASE_STRIP = NO;
				DEBUG_INFORMATION_FORMAT = "dwarf-with-dsym";
				ENABLE_NS_ASSERTIONS = NO;
				ENABLE_STRICT_OBJC_MSGSEND = YES;
				GCC_C_LANGUAGE_STANDARD = gnu11;
				GCC_NO_COMMON_BLOCKS = YES;
				GCC_WARN_64_TO_32_BIT_CONVERSION = YES;
				GCC_WARN_ABOUT_RETURN_TYPE = YES_ERROR;
				GCC_WARN_UNDECLARED_SELECTOR = YES;
				GCC_WARN_UNINITIALIZED_AUTOS = YES_AGGRESSIVE;
				GCC_WARN_UNUSED_FUNCTION = YES;
				GCC_WARN_UNUSED_VARIABLE = YES;
				IPHONEOS_DEPLOYMENT_TARGET = 15.5;
				MTL_ENABLE_DEBUG_INFO = NO;
				MTL_FAST_MATH = YES;
				SDKROOT = iphoneos;
				SWIFT_COMPILATION_MODE = wholemodule;
				SWIFT_OPTIMIZATION_LEVEL = "-O";
				VALIDATE_PRODUCT = YES;
			};
			name = Release;
		};
		EC4AD3F228E38080001EDF94 /* Debug */ = {
			isa = XCBuildConfiguration;
			buildSettings = {
				ASSETCATALOG_COMPILER_APPICON_NAME = AppIcon;
				ASSETCATALOG_COMPILER_GLOBAL_ACCENT_COLOR_NAME = AccentColor;
				CODE_SIGN_STYLE = Automatic;
				CURRENT_PROJECT_VERSION = 1;
				DEVELOPMENT_ASSET_PATHS = "\"For-Each/Preview Content\"";
				DEVELOPMENT_TEAM = U78QR3J4RB;
				ENABLE_PREVIEWS = YES;
				GENERATE_INFOPLIST_FILE = YES;
				INFOPLIST_KEY_UIApplicationSceneManifest_Generation = YES;
				INFOPLIST_KEY_UIApplicationSupportsIndirectInputEvents = YES;
				INFOPLIST_KEY_UILaunchScreen_Generation = YES;
				INFOPLIST_KEY_UISupportedInterfaceOrientations_iPad = "UIInterfaceOrientationPortrait UIInterfaceOrientationPortraitUpsideDown UIInterfaceOrientationLandscapeLeft UIInterfaceOrientationLandscapeRight";
				INFOPLIST_KEY_UISupportedInterfaceOrientations_iPhone = "UIInterfaceOrientationPortrait UIInterfaceOrientationLandscapeLeft UIInterfaceOrientationLandscapeRight";
				LD_RUNPATH_SEARCH_PATHS = (
					"$(inherited)",
					"@executable_path/Frameworks",
				);
				MARKETING_VERSION = 1.0;
				PRODUCT_BUNDLE_IDENTIFIER = "com.keonabalaoro.For-Each";
				PRODUCT_NAME = "$(TARGET_NAME)";
				SWIFT_EMIT_LOC_STRINGS = YES;
				SWIFT_VERSION = 5.0;
				TARGETED_DEVICE_FAMILY = "1,2";
			};
			name = Debug;
		};
		EC4AD3F328E38080001EDF94 /* Release */ = {
			isa = XCBuildConfiguration;
			buildSettings = {
				ASSETCATALOG_COMPILER_APPICON_NAME = AppIcon;
				ASSETCATALOG_COMPILER_GLOBAL_ACCENT_COLOR_NAME = AccentColor;
				CODE_SIGN_STYLE = Automatic;
				CURRENT_PROJECT_VERSION = 1;
				DEVELOPMENT_ASSET_PATHS = "\"For-Each/Preview Content\"";
				DEVELOPMENT_TEAM = U78QR3J4RB;
				ENABLE_PREVIEWS = YES;
				GENERATE_INFOPLIST_FILE = YES;
				INFOPLIST_KEY_UIApplicationSceneManifest_Generation = YES;
				INFOPLIST_KEY_UIApplicationSupportsIndirectInputEvents = YES;
				INFOPLIST_KEY_UILaunchScreen_Generation = YES;
				INFOPLIST_KEY_UISupportedInterfaceOrientations_iPad = "UIInterfaceOrientationPortrait UIInterfaceOrientationPortraitUpsideDown UIInterfaceOrientationLandscapeLeft UIInterfaceOrientationLandscapeRight";
				INFOPLIST_KEY_UISupportedInterfaceOrientations_iPhone = "UIInterfaceOrientationPortrait UIInterfaceOrientationLandscapeLeft UIInterfaceOrientationLandscapeRight";
				LD_RUNPATH_SEARCH_PATHS = (
					"$(inherited)",
					"@executable_path/Frameworks",
				);
				MARKETING_VERSION = 1.0;
				PRODUCT_BUNDLE_IDENTIFIER = "com.keonabalaoro.For-Each";
				PRODUCT_NAME = "$(TARGET_NAME)";
				SWIFT_EMIT_LOC_STRINGS = YES;
				SWIFT_VERSION = 5.0;
				TARGETED_DEVICE_FAMILY = "1,2";
			};
			name = Release;
		};
		EC4AD3F528E38080001EDF94 /* Debug */ = {
			isa = XCBuildConfiguration;
			buildSettings = {
				ALWAYS_EMBED_SWIFT_STANDARD_LIBRARIES = YES;
				BUNDLE_LOADER = "$(TEST_HOST)";
				CODE_SIGN_STYLE = Automatic;
				CURRENT_PROJECT_VERSION = 1;
				DEVELOPMENT_TEAM = U78QR3J4RB;
				GENERATE_INFOPLIST_FILE = YES;
				IPHONEOS_DEPLOYMENT_TARGET = 15.5;
				MARKETING_VERSION = 1.0;
				PRODUCT_BUNDLE_IDENTIFIER = "com.keonabalaoro.For-EachTests";
				PRODUCT_NAME = "$(TARGET_NAME)";
				SWIFT_EMIT_LOC_STRINGS = NO;
				SWIFT_VERSION = 5.0;
				TARGETED_DEVICE_FAMILY = "1,2";
				TEST_HOST = "$(BUILT_PRODUCTS_DIR)/For-Each.app/For-Each";
			};
			name = Debug;
		};
		EC4AD3F628E38080001EDF94 /* Release */ = {
			isa = XCBuildConfiguration;
			buildSettings = {
				ALWAYS_EMBED_SWIFT_STANDARD_LIBRARIES = YES;
				BUNDLE_LOADER = "$(TEST_HOST)";
				CODE_SIGN_STYLE = Automatic;
				CURRENT_PROJECT_VERSION = 1;
				DEVELOPMENT_TEAM = U78QR3J4RB;
				GENERATE_INFOPLIST_FILE = YES;
				IPHONEOS_DEPLOYMENT_TARGET = 15.5;
				MARKETING_VERSION = 1.0;
				PRODUCT_BUNDLE_IDENTIFIER = "com.keonabalaoro.For-EachTests";
				PRODUCT_NAME = "$(TARGET_NAME)";
				SWIFT_EMIT_LOC_STRINGS = NO;
				SWIFT_VERSION = 5.0;
				TARGETED_DEVICE_FAMILY = "1,2";
				TEST_HOST = "$(BUILT_PRODUCTS_DIR)/For-Each.app/For-Each";
			};
			name = Release;
		};
		EC4AD3F828E38080001EDF94 /* Debug */ = {
			isa = XCBuildConfiguration;
			buildSettings = {
				ALWAYS_EMBED_SWIFT_STANDARD_LIBRARIES = YES;
				CODE_SIGN_STYLE = Automatic;
				CURRENT_PROJECT_VERSION = 1;
				DEVELOPMENT_TEAM = U78QR3J4RB;
				GENERATE_INFOPLIST_FILE = YES;
				MARKETING_VERSION = 1.0;
				PRODUCT_BUNDLE_IDENTIFIER = "com.keonabalaoro.For-EachUITests";
				PRODUCT_NAME = "$(TARGET_NAME)";
				SWIFT_EMIT_LOC_STRINGS = NO;
				SWIFT_VERSION = 5.0;
				TARGETED_DEVICE_FAMILY = "1,2";
				TEST_TARGET_NAME = "For-Each";
			};
			name = Debug;
		};
		EC4AD3F928E38080001EDF94 /* Release */ = {
			isa = XCBuildConfiguration;
			buildSettings = {
				ALWAYS_EMBED_SWIFT_STANDARD_LIBRARIES = YES;
				CODE_SIGN_STYLE = Automatic;
				CURRENT_PROJECT_VERSION = 1;
				DEVELOPMENT_TEAM = U78QR3J4RB;
				GENERATE_INFOPLIST_FILE = YES;
				MARKETING_VERSION = 1.0;
				PRODUCT_BUNDLE_IDENTIFIER = "com.keonabalaoro.For-EachUITests";
				PRODUCT_NAME = "$(TARGET_NAME)";
				SWIFT_EMIT_LOC_STRINGS = NO;
				SWIFT_VERSION = 5.0;
				TARGETED_DEVICE_FAMILY = "1,2";
				TEST_TARGET_NAME = "For-Each";
			};
			name = Release;
		};
/* End XCBuildConfiguration section */

/* Begin XCConfigurationList section */
		EC4AD3C828E3807F001EDF94 /* Build configuration list for PBXProject "For-Each" */ = {
			isa = XCConfigurationList;
			buildConfigurations = (
				EC4AD3EF28E38080001EDF94 /* Debug */,
				EC4AD3F028E38080001EDF94 /* Release */,
			);
			defaultConfigurationIsVisible = 0;
			defaultConfigurationName = Release;
		};
		EC4AD3F128E38080001EDF94 /* Build configuration list for PBXNativeTarget "For-Each" */ = {
			isa = XCConfigurationList;
			buildConfigurations = (
				EC4AD3F228E38080001EDF94 /* Debug */,
				EC4AD3F328E38080001EDF94 /* Release */,
			);
			defaultConfigurationIsVisible = 0;
			defaultConfigurationName = Release;
		};
		EC4AD3F428E38080001EDF94 /* Build configuration list for PBXNativeTarget "For-EachTests" */ = {
			isa = XCConfigurationList;
			buildConfigurations = (
				EC4AD3F528E38080001EDF94 /* Debug */,
				EC4AD3F628E38080001EDF94 /* Release */,
			);
			defaultConfigurationIsVisible = 0;
			defaultConfigurationName = Release;
		};
		EC4AD3F728E38080001EDF94 /* Build configuration list for PBXNativeTarget "For-EachUITests" */ = {
			isa = XCConfigurationList;
			buildConfigurations = (
				EC4AD3F828E38080001EDF94 /* Debug */,
				EC4AD3F928E38080001EDF94 /* Release */,
			);
			defaultConfigurationIsVisible = 0;
			defaultConfigurationName = Release;
		};
/* End XCConfigurationList section */
	};
	rootObject = EC4AD3C528E3807F001EDF94 /* Project object */;
}
